{
  "projects": [
    {
      "projectId": "caTPwKxj5ZrD9LQ7DMdK4Z",
      "version": "3.32.0",
      "dependencies": {},
      "lang": "ts",
      "fileLocks": [
        {
          "assetId": "caTPwKxj5ZrD9LQ7DMdK4Z",
          "type": "projectCss",
          "checksum": "e1ec850476829c38b0f9b6d4f7ac446a"
        }
      ],
      "codegenVersion": "0.0.1"
    },
    {
      "projectId": "6hRmCuBtBWinhUZwzAzpn4",
      "version": "latest",
      "dependencies": {
        "caTPwKxj5ZrD9LQ7DMdK4Z": "3.32.0"
      },
      "lang": "ts",
      "fileLocks": [
        {
          "type": "globalVariant",
          "assetId": "RpL3zAs942YE",
          "checksum": "efe902e4860cc08694fe95a8622e88bf"
        },
        {
          "type": "renderModule",
          "assetId": "gUIbLx52Xnyo",
          "checksum": "3cf7538541a897c34a0652d10bffcd40"
        },
        {
          "type": "cssRules",
          "assetId": "gUIbLx52Xnyo",
          "checksum": "3cf7538541a897c34a0652d10bffcd40"
        },
        {
          "type": "renderModule",
          "assetId": "DZxGYdaUeOO7",
          "checksum": "bf1e32d67b5f5ea0c587a77d7da5dadf"
        },
        {
          "type": "cssRules",
          "assetId": "DZxGYdaUeOO7",
          "checksum": "bf1e32d67b5f5ea0c587a77d7da5dadf"
        },
        {
          "type": "renderModule",
          "assetId": "HmiTUqbgwpvc",
          "checksum": "327b42a3da3b31e076493d9940b7039c"
        },
        {
          "type": "cssRules",
          "assetId": "HmiTUqbgwpvc",
          "checksum": "327b42a3da3b31e076493d9940b7039c"
        },
        {
          "type": "renderModule",
          "assetId": "cJN_OkWw8mUp",
          "checksum": "3ac3d4ad007463de0ff76c260154f146"
        },
        {
          "type": "cssRules",
          "assetId": "cJN_OkWw8mUp",
          "checksum": "3ac3d4ad007463de0ff76c260154f146"
        },
        {
          "type": "icon",
          "assetId": "evIHOU4izkCw",
          "checksum": "e7cbd4f4986a622efabf607df335a2aa"
        },
        {
          "type": "icon",
          "assetId": "md6HMGmSw-NA",
          "checksum": "7523e232723bc4959345a3b0fc20da7f"
        },
        {
          "type": "icon",
          "assetId": "XXyrI6qHcWX9",
          "checksum": "2c015af5c6cb65719701fe6a3a4333aa"
        },
        {
          "assetId": "6hRmCuBtBWinhUZwzAzpn4",
          "type": "projectCss",
          "checksum": "6056c07fc43f0280b917dc172bd9f046"
        }
      ],
      "codegenVersion": "0.0.1"
    }
  ],
  "cliVersion": "0.1.322"
}
